{
  "version": 4,
  "terraform_version": "1.6.5",
  "serial": 7,
  "lineage": "28634d1e-ddde-ed9f-8578-c8781d1cc112",
  "outputs": {
    "backend_vm_templates": {
      "value": [
        "147.228.173.124",
        "147.228.173.126"
      ],
      "type": [
        "tuple",
        [
          "string",
          "string"
        ]
      ]
    },
    "frontend_vm_template": {
      "value": [
        "147.228.173.127"
      ],
      "type": [
        "tuple",
        [
          "string"
        ]
      ]
    }
  },
  "resources": [
    {
      "mode": "managed",
      "type": "local_file",
      "name": "hosts_cfg",
      "provider": "provider[\"registry.terraform.io/hashicorp/local\"]",
      "instances": [
        {
          "schema_version": 0,
          "attributes": {
            "content": "[frontend_vm_template]\n147.228.173.127\n\n[backend_vm_templates]\n147.228.173.124\n147.228.173.126\n\n[all:vars]\nansible_user=nodeadm",
            "content_base64": null,
            "content_base64sha256": "JctNJGd+XVdRQICIAxIYwViGs81g1SWdCFY7bFodr7I=",
            "content_base64sha512": "PeRLCGze8ilTCkL8hx9IezaHjSk/rshINVsFlE/UNXcBk3oZYpqDAj2G9hn4V6IjfhfjLB0nNWc7eh7VqSXjHA==",
            "content_md5": "f6b2184da70e284b997b8626527172be",
            "content_sha1": "026e3b30b4b7b43c682df4066be099c026841214",
            "content_sha256": "25cb4d24677e5d5751408088031218c15886b3cd60d5259d08563b6c5a1dafb2",
            "content_sha512": "3de44b086cdef229530a42fc871f487b36878d293faec848355b05944fd4357701937a19629a83023d86f619f857a2237e17e32c1d2735673b7a1ed5a925e31c",
            "directory_permission": "0777",
            "file_permission": "0777",
            "filename": "./dynamic_inventories/inventory",
            "id": "026e3b30b4b7b43c682df4066be099c026841214",
            "sensitive_content": null,
            "source": null
          },
          "sensitive_attributes": [],
          "dependencies": [
            "opennebula_image.os-image",
            "opennebula_virtual_machine.backend_vm_template",
            "opennebula_virtual_machine.frontend_vm_template"
          ]
        }
      ]
    },
    {
      "mode": "managed",
      "type": "local_file",
      "name": "upstream_cfg",
      "provider": "provider[\"registry.terraform.io/hashicorp/local\"]",
      "instances": [
        {
          "schema_version": 0,
          "attributes": {
            "content": "upstream backend-lb {\n        server 147.228.173.124:5000 weight=1;\n        server 147.228.173.126:5000 weight=1;\n    }",
            "content_base64": null,
            "content_base64sha256": "DnCxKLsH1UIpNtFSplJuA56UK3qAknHbKzxuQ/yEKaw=",
            "content_base64sha512": "k+Z5gLtdITCpQWsPbzbWAJRjnrI+dTvAhnCfcwqq7E4CeKsAlYqZ1ikAAwENagoP9saXq7GPO6Q5Yx1PzneZOg==",
            "content_md5": "c35c262f9c2bf7f3fe5faa59b2c673b2",
            "content_sha1": "99b018831ce017b7a9fc9e925a39d46a5d7fadb2",
            "content_sha256": "0e70b128bb07d5422936d152a6526e039e942b7a809271db2b3c6e43fc8429ac",
            "content_sha512": "93e67980bb5d2130a9416b0f6f36d60094639eb23e753bc086709f730aaaec4e0278ab00958a99d6290003010d6a0a0ff6c697abb18f3ba439631d4fce77993a",
            "directory_permission": "0777",
            "file_permission": "0777",
            "filename": "./frontend/config/backend-upstream.conf",
            "id": "99b018831ce017b7a9fc9e925a39d46a5d7fadb2",
            "sensitive_content": null,
            "source": null
          },
          "sensitive_attributes": [],
          "dependencies": [
            "opennebula_image.os-image",
            "opennebula_virtual_machine.backend_vm_template"
          ]
        }
      ]
    },
    {
      "mode": "managed",
      "type": "opennebula_image",
      "name": "os-image",
      "provider": "provider[\"registry.terraform.io/opennebula/opennebula\"]",
      "instances": [
        {
          "schema_version": 0,
          "attributes": {
            "clone_from_image": null,
            "datastore_id": 101,
            "default_tags": {},
            "description": null,
            "dev_prefix": "sd",
            "driver": null,
            "format": null,
            "gid": 1,
            "gname": "users",
            "group": null,
            "id": "525",
            "lock": null,
            "name": "Ubuntu 22.04",
            "path": "https://marketplace.opennebula.io//appliance/4562be1a-4c11-4e9e-b60a-85a045f1de05/download/0",
            "permissions": "600",
            "persistent": false,
            "size": null,
            "tags": null,
            "tags_all": {},
            "target": null,
            "template_section": [],
            "timeout": 20,
            "timeouts": null,
            "type": null,
            "uid": 338,
            "uname": "hrkalovh"
          },
          "sensitive_attributes": [],
          "private": "eyJlMmJmYjczMC1lY2FhLTExZTYtOGY4OC0zNDM2M2JjN2M0YzAiOnsiY3JlYXRlIjoxMjAwMDAwMDAwMDAwLCJkZWxldGUiOjEyMDAwMDAwMDAwMDB9fQ=="
        }
      ]
    },
    {
      "mode": "managed",
      "type": "opennebula_virtual_machine",
      "name": "backend_vm_template",
      "provider": "provider[\"registry.terraform.io/opennebula/opennebula\"]",
      "instances": [
        {
          "index_key": 0,
          "schema_version": 0,
          "attributes": {
            "context": {
              "HOSTNAME": "$NAME",
              "NETWORK": "YES",
              "SSH_PUBLIC_KEY": "ecdsa-sha2-nistp521 AAAAE2VjZHNhLXNoYTItbmlzdHA1MjEAAAAIbmlzdHA1MjEAAACFBAHbivKZHgHvNM42qefrLU68C1VQnWkVs8b1KKGGKrfyoAyJvxVHGGeYNjxK0MnzXPptVPnTj3AHE6dDQPiaXYI0DwFpVZAv/RGhYyoqW769p7eFrw/x64SEXxRgu7QdpxLi3Vqkr5lNCFBJy+y0QeouoMX2aAwDeDEyoMs8VEYeqgyd5A== hana@Hana"
            },
            "cpu": 1,
            "cpumodel": [],
            "default_tags": {},
            "description": "",
            "disk": [
              {
                "cache": "",
                "computed_cache": "",
                "computed_dev_prefix": "sd",
                "computed_discard": "",
                "computed_driver": "raw",
                "computed_io": "",
                "computed_size": 12000,
                "computed_target": "vda",
                "computed_volatile_format": "raw",
                "dev_prefix": "",
                "discard": "",
                "disk_id": 0,
                "driver": "",
                "image_id": 525,
                "io": "",
                "size": 12000,
                "target": "vda",
                "volatile_format": "",
                "volatile_type": ""
              }
            ],
            "gid": 1,
            "gname": "users",
            "graphics": [
              {
                "keymap": "en-us",
                "listen": "0.0.0.0",
                "port": "9110",
                "type": "VNC"
              }
            ],
            "group": "users",
            "hard_shutdown": false,
            "id": "3210",
            "ip": "147.228.173.124",
            "keep_nic_order": null,
            "lcmstate": 3,
            "lock": null,
            "memory": 1024,
            "name": "backend-vm-1",
            "nic": [
              {
                "computed_ip": "147.228.173.124",
                "computed_mac": "52:54:00:17:30:7c",
                "computed_model": "",
                "computed_physical_device": "bond1",
                "computed_security_groups": [],
                "computed_virtio_queues": "",
                "ip": "",
                "mac": "",
                "model": "",
                "network": "vlan173",
                "network_id": 3,
                "nic_id": 0,
                "physical_device": "",
                "security_groups": null,
                "virtio_queues": ""
              }
            ],
            "on_disk_change": "swap",
            "os": [
              {
                "arch": "x86_64",
                "boot": "disk0"
              }
            ],
            "pending": false,
            "permissions": "600",
            "raw": [],
            "sched_ds_requirements": "",
            "sched_requirements": "",
            "state": 3,
            "tags": null,
            "tags_all": {},
            "template_disk": [],
            "template_id": -1,
            "template_nic": [],
            "template_section": [],
            "template_section_names": {},
            "template_tags": {},
            "timeout": 20,
            "timeouts": null,
            "uid": 338,
            "uname": "hrkalovh",
            "vcpu": 1,
            "vmgroup": null
          },
          "sensitive_attributes": [],
          "private": "eyJlMmJmYjczMC1lY2FhLTExZTYtOGY4OC0zNDM2M2JjN2M0YzAiOnsiY3JlYXRlIjoxMjAwMDAwMDAwMDAwLCJkZWxldGUiOjEyMDAwMDAwMDAwMDAsInVwZGF0ZSI6MTIwMDAwMDAwMDAwMH19",
          "dependencies": [
            "opennebula_image.os-image"
          ]
        },
        {
          "index_key": 1,
          "schema_version": 0,
          "attributes": {
            "context": {
              "HOSTNAME": "$NAME",
              "NETWORK": "YES",
              "SSH_PUBLIC_KEY": "ecdsa-sha2-nistp521 AAAAE2VjZHNhLXNoYTItbmlzdHA1MjEAAAAIbmlzdHA1MjEAAACFBAHbivKZHgHvNM42qefrLU68C1VQnWkVs8b1KKGGKrfyoAyJvxVHGGeYNjxK0MnzXPptVPnTj3AHE6dDQPiaXYI0DwFpVZAv/RGhYyoqW769p7eFrw/x64SEXxRgu7QdpxLi3Vqkr5lNCFBJy+y0QeouoMX2aAwDeDEyoMs8VEYeqgyd5A== hana@Hana"
            },
            "cpu": 1,
            "cpumodel": [],
            "default_tags": {},
            "description": "",
            "disk": [
              {
                "cache": "",
                "computed_cache": "",
                "computed_dev_prefix": "sd",
                "computed_discard": "",
                "computed_driver": "raw",
                "computed_io": "",
                "computed_size": 12000,
                "computed_target": "vda",
                "computed_volatile_format": "raw",
                "dev_prefix": "",
                "discard": "",
                "disk_id": 0,
                "driver": "",
                "image_id": 525,
                "io": "",
                "size": 12000,
                "target": "vda",
                "volatile_format": "",
                "volatile_type": ""
              }
            ],
            "gid": 1,
            "gname": "users",
            "graphics": [
              {
                "keymap": "en-us",
                "listen": "0.0.0.0",
                "port": "9111",
                "type": "VNC"
              }
            ],
            "group": "users",
            "hard_shutdown": false,
            "id": "3211",
            "ip": "147.228.173.126",
            "keep_nic_order": null,
            "lcmstate": 3,
            "lock": null,
            "memory": 1024,
            "name": "backend-vm-2",
            "nic": [
              {
                "computed_ip": "147.228.173.126",
                "computed_mac": "52:54:00:17:30:7e",
                "computed_model": "",
                "computed_physical_device": "bond1",
                "computed_security_groups": [],
                "computed_virtio_queues": "",
                "ip": "",
                "mac": "",
                "model": "",
                "network": "vlan173",
                "network_id": 3,
                "nic_id": 0,
                "physical_device": "",
                "security_groups": null,
                "virtio_queues": ""
              }
            ],
            "on_disk_change": "swap",
            "os": [
              {
                "arch": "x86_64",
                "boot": "disk0"
              }
            ],
            "pending": false,
            "permissions": "600",
            "raw": [],
            "sched_ds_requirements": "",
            "sched_requirements": "",
            "state": 3,
            "tags": null,
            "tags_all": {},
            "template_disk": [],
            "template_id": -1,
            "template_nic": [],
            "template_section": [],
            "template_section_names": {},
            "template_tags": {},
            "timeout": 20,
            "timeouts": null,
            "uid": 338,
            "uname": "hrkalovh",
            "vcpu": 1,
            "vmgroup": null
          },
          "sensitive_attributes": [],
          "private": "eyJlMmJmYjczMC1lY2FhLTExZTYtOGY4OC0zNDM2M2JjN2M0YzAiOnsiY3JlYXRlIjoxMjAwMDAwMDAwMDAwLCJkZWxldGUiOjEyMDAwMDAwMDAwMDAsInVwZGF0ZSI6MTIwMDAwMDAwMDAwMH19",
          "dependencies": [
            "opennebula_image.os-image"
          ]
        }
      ]
    },
    {
      "mode": "managed",
      "type": "opennebula_virtual_machine",
      "name": "frontend_vm_template",
      "provider": "provider[\"registry.terraform.io/opennebula/opennebula\"]",
      "instances": [
        {
          "schema_version": 0,
          "attributes": {
            "context": {
              "HOSTNAME": "$NAME",
              "NETWORK": "YES",
              "SSH_PUBLIC_KEY": "ecdsa-sha2-nistp521 AAAAE2VjZHNhLXNoYTItbmlzdHA1MjEAAAAIbmlzdHA1MjEAAACFBAHbivKZHgHvNM42qefrLU68C1VQnWkVs8b1KKGGKrfyoAyJvxVHGGeYNjxK0MnzXPptVPnTj3AHE6dDQPiaXYI0DwFpVZAv/RGhYyoqW769p7eFrw/x64SEXxRgu7QdpxLi3Vqkr5lNCFBJy+y0QeouoMX2aAwDeDEyoMs8VEYeqgyd5A== hana@Hana"
            },
            "cpu": 1,
            "cpumodel": [],
            "default_tags": {},
            "description": "",
            "disk": [
              {
                "cache": "",
                "computed_cache": "",
                "computed_dev_prefix": "sd",
                "computed_discard": "",
                "computed_driver": "raw",
                "computed_io": "",
                "computed_size": 12000,
                "computed_target": "vda",
                "computed_volatile_format": "raw",
                "dev_prefix": "",
                "discard": "",
                "disk_id": 0,
                "driver": "",
                "image_id": 525,
                "io": "",
                "size": 12000,
                "target": "vda",
                "volatile_format": "",
                "volatile_type": ""
              }
            ],
            "gid": 1,
            "gname": "users",
            "graphics": [
              {
                "keymap": "en-us",
                "listen": "0.0.0.0",
                "port": "9112",
                "type": "VNC"
              }
            ],
            "group": "users",
            "hard_shutdown": false,
            "id": "3212",
            "ip": "147.228.173.127",
            "keep_nic_order": null,
            "lcmstate": 3,
            "lock": null,
            "memory": 1024,
            "name": "frontend-template",
            "nic": [
              {
                "computed_ip": "147.228.173.127",
                "computed_mac": "52:54:00:17:30:7f",
                "computed_model": "",
                "computed_physical_device": "bond1",
                "computed_security_groups": [],
                "computed_virtio_queues": "",
                "ip": "",
                "mac": "",
                "model": "",
                "network": "vlan173",
                "network_id": 3,
                "nic_id": 0,
                "physical_device": "",
                "security_groups": null,
                "virtio_queues": ""
              }
            ],
            "on_disk_change": "swap",
            "os": [
              {
                "arch": "x86_64",
                "boot": "disk0"
              }
            ],
            "pending": false,
            "permissions": "600",
            "raw": [],
            "sched_ds_requirements": "",
            "sched_requirements": "",
            "state": 3,
            "tags": null,
            "tags_all": {},
            "template_disk": [],
            "template_id": -1,
            "template_nic": [],
            "template_section": [],
            "template_section_names": {},
            "template_tags": {},
            "timeout": 20,
            "timeouts": null,
            "uid": 338,
            "uname": "hrkalovh",
            "vcpu": 1,
            "vmgroup": null
          },
          "sensitive_attributes": [],
          "private": "eyJlMmJmYjczMC1lY2FhLTExZTYtOGY4OC0zNDM2M2JjN2M0YzAiOnsiY3JlYXRlIjoxMjAwMDAwMDAwMDAwLCJkZWxldGUiOjEyMDAwMDAwMDAwMDAsInVwZGF0ZSI6MTIwMDAwMDAwMDAwMH19",
          "dependencies": [
            "opennebula_image.os-image"
          ]
        }
      ]
    }
  ],
  "check_results": null
}
