{
  "version": 4,
  "terraform_version": "1.6.5",
  "serial": 13,
  "lineage": "4de305ca-4468-04ec-aff5-b1cbf7f845f4",
  "outputs": {
    "backend_vm_templates": {
      "value": [
        "147.228.173.97",
        "147.228.173.96"
      ],
      "type": [
        "tuple",
        [
          "string",
          "string"
        ]
      ]
    },
    "frontend_vm_template": {
      "value": [
        "147.228.173.120"
      ],
      "type": [
        "tuple",
        [
          "string"
        ]
      ]
    }
  },
  "resources": [
    {
      "mode": "managed",
      "type": "local_file",
      "name": "hosts_cfg",
      "provider": "provider[\"registry.terraform.io/hashicorp/local\"]",
      "instances": [
        {
          "schema_version": 0,
          "attributes": {
            "content": "[frontend_vm_template]\n147.228.173.120\n\n[backend_vm_templates]\n147.228.173.97\n147.228.173.96\n\n[all:vars]\nansible_user=nodeadm",
            "content_base64": null,
            "content_base64sha256": "XS97/jLbFSWfSmg9oWy3TGj9CWkuHFJqHbNHfsSoKYs=",
            "content_base64sha512": "pHtZRETeisyyGzMSLNx/ZYwJ5F5MLBtG+zTOdgF2QQdcbjuU/h35jgVeg4AvEKhwXXPOltisszLycFogT/sX0A==",
            "content_md5": "a50781949272c039826ea37f57fc04a8",
            "content_sha1": "252fce173c1a0043f2f67f86473cafdfdc4c304c",
            "content_sha256": "5d2f7bfe32db15259f4a683da16cb74c68fd09692e1c526a1db3477ec4a8298b",
            "content_sha512": "a47b594444de8accb21b33122cdc7f658c09e45e4c2c1b46fb34ce76017641075c6e3b94fe1df98e055e83802f10a8705d73ce96d8acb332f2705a204ffb17d0",
            "directory_permission": "0777",
            "file_permission": "0777",
            "filename": "./dynamic_inventories/inventory",
            "id": "252fce173c1a0043f2f67f86473cafdfdc4c304c",
            "sensitive_content": null,
            "source": null
          },
          "sensitive_attributes": [],
          "dependencies": [
            "opennebula_image.os-image",
            "opennebula_virtual_machine.backend_vm_template",
            "opennebula_virtual_machine.frontend_vm_template"
          ]
        }
      ]
    },
    {
      "mode": "managed",
      "type": "local_file",
      "name": "upstream_cfg",
      "provider": "provider[\"registry.terraform.io/hashicorp/local\"]",
      "instances": [
        {
          "schema_version": 0,
          "attributes": {
            "content": "upstream backend-lb {\n        server 147.228.173.97:5000 weight=1;\n        server 147.228.173.96:5000 weight=1;\n    }",
            "content_base64": null,
            "content_base64sha256": "kmSjoOu8mROVLGWX2KO7lf3phrdyevIImDcnUpdp1hw=",
            "content_base64sha512": "xqJ5pvSTbQjNVvSqZgu5nwqjT8urDZ2LMi3gTSwTj6rL/BF2QqDVcWY8QALoMQV6iTKiJ7mX1pkZGkxP61cySg==",
            "content_md5": "e569d694a8543e83f0f27ba6c2d66fda",
            "content_sha1": "e89cfde49cf225fe91032c733299133ea421bee4",
            "content_sha256": "9264a3a0ebbc9913952c6597d8a3bb95fde986b7727af208983727529769d61c",
            "content_sha512": "c6a279a6f4936d08cd56f4aa660bb99f0aa34fcbab0d9d8b322de04d2c138faacbfc117642a0d571663c4002e831057a8932a227b997d699191a4c4feb57324a",
            "directory_permission": "0777",
            "file_permission": "0777",
            "filename": "./frontend/config/backend-upstream.conf",
            "id": "e89cfde49cf225fe91032c733299133ea421bee4",
            "sensitive_content": null,
            "source": null
          },
          "sensitive_attributes": [],
          "dependencies": [
            "opennebula_image.os-image",
            "opennebula_virtual_machine.backend_vm_template"
          ]
        }
      ]
    },
    {
      "mode": "managed",
      "type": "opennebula_image",
      "name": "os-image",
      "provider": "provider[\"registry.terraform.io/opennebula/opennebula\"]",
      "instances": [
        {
          "schema_version": 0,
          "attributes": {
            "clone_from_image": null,
            "datastore_id": 101,
            "default_tags": {},
            "description": null,
            "dev_prefix": "sd",
            "driver": null,
            "format": null,
            "gid": 1,
            "gname": "users",
            "group": null,
            "id": "543",
            "lock": null,
            "name": "Ubuntu 22.04",
            "path": "https://marketplace.opennebula.io//appliance/4562be1a-4c11-4e9e-b60a-85a045f1de05/download/0",
            "permissions": "600",
            "persistent": false,
            "size": null,
            "tags": null,
            "tags_all": {},
            "target": null,
            "template_section": [],
            "timeout": 20,
            "timeouts": null,
            "type": null,
            "uid": 338,
            "uname": "hrkalovh"
          },
          "sensitive_attributes": [],
          "private": "eyJlMmJmYjczMC1lY2FhLTExZTYtOGY4OC0zNDM2M2JjN2M0YzAiOnsiY3JlYXRlIjoxMjAwMDAwMDAwMDAwLCJkZWxldGUiOjEyMDAwMDAwMDAwMDB9fQ=="
        }
      ]
    },
    {
      "mode": "managed",
      "type": "opennebula_virtual_machine",
      "name": "backend_vm_template",
      "provider": "provider[\"registry.terraform.io/opennebula/opennebula\"]",
      "instances": [
        {
          "index_key": 0,
          "schema_version": 0,
          "attributes": {
            "context": {
              "HOSTNAME": "$NAME",
              "NETWORK": "YES",
              "SSH_PUBLIC_KEY": "ecdsa-sha2-nistp256 AAAAE2VjZHNhLXNoYTItbmlzdHAyNTYAAAAIbmlzdHAyNTYAAABBBELdZ67eD4FAUzS8NFN1nfrVY90uU5kn2U38Ha5xC1uUS0jwMsjB0T4HowN2l+wr0l6a7P8XcwWYyaVOjRxxXik= hana@Hana"
            },
            "cpu": 1,
            "cpumodel": [],
            "default_tags": {},
            "description": "",
            "disk": [
              {
                "cache": "",
                "computed_cache": "",
                "computed_dev_prefix": "sd",
                "computed_discard": "",
                "computed_driver": "raw",
                "computed_io": "",
                "computed_size": 12000,
                "computed_target": "vda",
                "computed_volatile_format": "raw",
                "dev_prefix": "",
                "discard": "",
                "disk_id": 0,
                "driver": "",
                "image_id": 543,
                "io": "",
                "size": 12000,
                "target": "vda",
                "volatile_format": "",
                "volatile_type": ""
              }
            ],
            "gid": 1,
            "gname": "users",
            "graphics": [
              {
                "keymap": "en-us",
                "listen": "0.0.0.0",
                "port": "9171",
                "type": "VNC"
              }
            ],
            "group": "users",
            "hard_shutdown": false,
            "id": "3271",
            "ip": "147.228.173.97",
            "keep_nic_order": null,
            "lcmstate": 3,
            "lock": null,
            "memory": 1024,
            "name": "backend-vm-1",
            "nic": [
              {
                "computed_ip": "147.228.173.97",
                "computed_mac": "52:54:00:17:30:61",
                "computed_model": "",
                "computed_physical_device": "bond1",
                "computed_security_groups": [],
                "computed_virtio_queues": "",
                "ip": "",
                "mac": "",
                "model": "",
                "network": "vlan173",
                "network_id": 3,
                "nic_id": 0,
                "physical_device": "",
                "security_groups": null,
                "virtio_queues": ""
              }
            ],
            "on_disk_change": "swap",
            "os": [
              {
                "arch": "x86_64",
                "boot": "disk0"
              }
            ],
            "pending": false,
            "permissions": "600",
            "raw": [],
            "sched_ds_requirements": "",
            "sched_requirements": "",
            "state": 3,
            "tags": null,
            "tags_all": {},
            "template_disk": [],
            "template_id": -1,
            "template_nic": [],
            "template_section": [],
            "template_section_names": {},
            "template_tags": {},
            "timeout": 20,
            "timeouts": null,
            "uid": 338,
            "uname": "hrkalovh",
            "vcpu": 1,
            "vmgroup": null
          },
          "sensitive_attributes": [],
          "private": "eyJlMmJmYjczMC1lY2FhLTExZTYtOGY4OC0zNDM2M2JjN2M0YzAiOnsiY3JlYXRlIjoxMjAwMDAwMDAwMDAwLCJkZWxldGUiOjEyMDAwMDAwMDAwMDAsInVwZGF0ZSI6MTIwMDAwMDAwMDAwMH19",
          "dependencies": [
            "opennebula_image.os-image"
          ]
        },
        {
          "index_key": 1,
          "schema_version": 0,
          "attributes": {
            "context": {
              "HOSTNAME": "$NAME",
              "NETWORK": "YES",
              "SSH_PUBLIC_KEY": "ecdsa-sha2-nistp256 AAAAE2VjZHNhLXNoYTItbmlzdHAyNTYAAAAIbmlzdHAyNTYAAABBBELdZ67eD4FAUzS8NFN1nfrVY90uU5kn2U38Ha5xC1uUS0jwMsjB0T4HowN2l+wr0l6a7P8XcwWYyaVOjRxxXik= hana@Hana"
            },
            "cpu": 1,
            "cpumodel": [],
            "default_tags": {},
            "description": "",
            "disk": [
              {
                "cache": "",
                "computed_cache": "",
                "computed_dev_prefix": "sd",
                "computed_discard": "",
                "computed_driver": "raw",
                "computed_io": "",
                "computed_size": 12000,
                "computed_target": "vda",
                "computed_volatile_format": "raw",
                "dev_prefix": "",
                "discard": "",
                "disk_id": 0,
                "driver": "",
                "image_id": 543,
                "io": "",
                "size": 12000,
                "target": "vda",
                "volatile_format": "",
                "volatile_type": ""
              }
            ],
            "gid": 1,
            "gname": "users",
            "graphics": [
              {
                "keymap": "en-us",
                "listen": "0.0.0.0",
                "port": "9167",
                "type": "VNC"
              }
            ],
            "group": "users",
            "hard_shutdown": false,
            "id": "3267",
            "ip": "147.228.173.96",
            "keep_nic_order": null,
            "lcmstate": 3,
            "lock": null,
            "memory": 1024,
            "name": "backend-vm-2",
            "nic": [
              {
                "computed_ip": "147.228.173.96",
                "computed_mac": "52:54:00:17:30:60",
                "computed_model": "",
                "computed_physical_device": "bond1",
                "computed_security_groups": [],
                "computed_virtio_queues": "",
                "ip": "",
                "mac": "",
                "model": "",
                "network": "vlan173",
                "network_id": 3,
                "nic_id": 0,
                "physical_device": "",
                "security_groups": [],
                "virtio_queues": ""
              }
            ],
            "on_disk_change": "swap",
            "os": [
              {
                "arch": "x86_64",
                "boot": "disk0"
              }
            ],
            "pending": false,
            "permissions": "600",
            "raw": [],
            "sched_ds_requirements": "",
            "sched_requirements": "",
            "state": 3,
            "tags": null,
            "tags_all": {},
            "template_disk": [],
            "template_id": -1,
            "template_nic": [],
            "template_section": [],
            "template_section_names": {},
            "template_tags": {},
            "timeout": 20,
            "timeouts": null,
            "uid": 338,
            "uname": "hrkalovh",
            "vcpu": 1,
            "vmgroup": []
          },
          "sensitive_attributes": [],
          "private": "eyJlMmJmYjczMC1lY2FhLTExZTYtOGY4OC0zNDM2M2JjN2M0YzAiOnsiY3JlYXRlIjoxMjAwMDAwMDAwMDAwLCJkZWxldGUiOjEyMDAwMDAwMDAwMDAsInVwZGF0ZSI6MTIwMDAwMDAwMDAwMH19",
          "dependencies": [
            "opennebula_image.os-image"
          ]
        }
      ]
    },
    {
      "mode": "managed",
      "type": "opennebula_virtual_machine",
      "name": "frontend_vm_template",
      "provider": "provider[\"registry.terraform.io/opennebula/opennebula\"]",
      "instances": [
        {
          "schema_version": 0,
          "attributes": {
            "context": {
              "HOSTNAME": "$NAME",
              "NETWORK": "YES",
              "SSH_PUBLIC_KEY": "ecdsa-sha2-nistp256 AAAAE2VjZHNhLXNoYTItbmlzdHAyNTYAAAAIbmlzdHAyNTYAAABBBELdZ67eD4FAUzS8NFN1nfrVY90uU5kn2U38Ha5xC1uUS0jwMsjB0T4HowN2l+wr0l6a7P8XcwWYyaVOjRxxXik= hana@Hana"
            },
            "cpu": 1,
            "cpumodel": [],
            "default_tags": {},
            "description": "",
            "disk": [
              {
                "cache": "",
                "computed_cache": "",
                "computed_dev_prefix": "sd",
                "computed_discard": "",
                "computed_driver": "raw",
                "computed_io": "",
                "computed_size": 12000,
                "computed_target": "vda",
                "computed_volatile_format": "raw",
                "dev_prefix": "",
                "discard": "",
                "disk_id": 0,
                "driver": "",
                "image_id": 543,
                "io": "",
                "size": 12000,
                "target": "vda",
                "volatile_format": "",
                "volatile_type": ""
              }
            ],
            "gid": 1,
            "gname": "users",
            "graphics": [
              {
                "keymap": "en-us",
                "listen": "0.0.0.0",
                "port": "9169",
                "type": "VNC"
              }
            ],
            "group": "users",
            "hard_shutdown": false,
            "id": "3269",
            "ip": "147.228.173.120",
            "keep_nic_order": null,
            "lcmstate": 3,
            "lock": null,
            "memory": 1024,
            "name": "frontend-template",
            "nic": [
              {
                "computed_ip": "147.228.173.120",
                "computed_mac": "52:54:00:17:30:78",
                "computed_model": "",
                "computed_physical_device": "bond1",
                "computed_security_groups": [],
                "computed_virtio_queues": "",
                "ip": "",
                "mac": "",
                "model": "",
                "network": "vlan173",
                "network_id": 3,
                "nic_id": 0,
                "physical_device": "",
                "security_groups": [],
                "virtio_queues": ""
              }
            ],
            "on_disk_change": "swap",
            "os": [
              {
                "arch": "x86_64",
                "boot": "disk0"
              }
            ],
            "pending": false,
            "permissions": "600",
            "raw": [],
            "sched_ds_requirements": "",
            "sched_requirements": "",
            "state": 3,
            "tags": null,
            "tags_all": {},
            "template_disk": [],
            "template_id": -1,
            "template_nic": [],
            "template_section": [],
            "template_section_names": {},
            "template_tags": {},
            "timeout": 20,
            "timeouts": null,
            "uid": 338,
            "uname": "hrkalovh",
            "vcpu": 1,
            "vmgroup": []
          },
          "sensitive_attributes": [],
          "private": "eyJlMmJmYjczMC1lY2FhLTExZTYtOGY4OC0zNDM2M2JjN2M0YzAiOnsiY3JlYXRlIjoxMjAwMDAwMDAwMDAwLCJkZWxldGUiOjEyMDAwMDAwMDAwMDAsInVwZGF0ZSI6MTIwMDAwMDAwMDAwMH19",
          "dependencies": [
            "opennebula_image.os-image"
          ]
        }
      ]
    }
  ],
  "check_results": null
}
